
Microsoft Visual Studio Solution File, Format Version 12.00
# Visual Studio Version 16
VisualStudioVersion = 16.0.29503.13
MinimumVisualStudioVersion = 10.0.40219.1
Project("{8BC9CEB8-8B4A-11D0-8D11-00A0C91BC942}") = "AlgInspectImpl", "AlgInspectImpl.vcxproj", "{EF11980F-CEC1-354B-8409-54EE1A545541}"
EndProject
Project("{8BC9CEB8-8B4A-11D0-8D11-00A0C91BC942}") = "AlgInspectParamImpl", "..\AlgInspectParamImpl\AlgInspectParamImpl.vcxproj", "{84CC5BA1-D136-3ECF-99AA-2C3CBF9BE30D}"
EndProject
Global
	GlobalSection(SolutionConfigurationPlatforms) = preSolution
		Debug|x64 = Debug|x64
		Debug|x86 = Debug|x86
		Release|x64 = Release|x64
		Release|x86 = Release|x86
	EndGlobalSection
	GlobalSection(ProjectConfigurationPlatforms) = postSolution
		{EF11980F-CEC1-354B-8409-54EE1A545541}.Debug|x64.ActiveCfg = Debug|x64
		{EF11980F-CEC1-354B-8409-54EE1A545541}.Debug|x64.Build.0 = Debug|x64
		{EF11980F-CEC1-354B-8409-54EE1A545541}.Debug|x86.ActiveCfg = Debug|Win32
		{EF11980F-CEC1-354B-8409-54EE1A545541}.Debug|x86.Build.0 = Debug|Win32
		{EF11980F-CEC1-354B-8409-54EE1A545541}.Release|x64.ActiveCfg = Release|x64
		{EF11980F-CEC1-354B-8409-54EE1A545541}.Release|x64.Build.0 = Release|x64
		{EF11980F-CEC1-354B-8409-54EE1A545541}.Release|x86.ActiveCfg = Release|Win32
		{EF11980F-CEC1-354B-8409-54EE1A545541}.Release|x86.Build.0 = Release|Win32
		{84CC5BA1-D136-3ECF-99AA-2C3CBF9BE30D}.Debug|x64.ActiveCfg = Debug|x64
		{84CC5BA1-D136-3ECF-99AA-2C3CBF9BE30D}.Debug|x64.Build.0 = Debug|x64
		{84CC5BA1-D136-3ECF-99AA-2C3CBF9BE30D}.Debug|x86.ActiveCfg = Debug|Win32
		{84CC5BA1-D136-3ECF-99AA-2C3CBF9BE30D}.Debug|x86.Build.0 = Debug|Win32
		{84CC5BA1-D136-3ECF-99AA-2C3CBF9BE30D}.Release|x64.ActiveCfg = Release|x64
		{84CC5BA1-D136-3ECF-99AA-2C3CBF9BE30D}.Release|x64.Build.0 = Release|x64
		{84CC5BA1-D136-3ECF-99AA-2C3CBF9BE30D}.Release|x86.ActiveCfg = Release|Win32
		{84CC5BA1-D136-3ECF-99AA-2C3CBF9BE30D}.Release|x86.Build.0 = Release|Win32
	EndGlobalSection
	GlobalSection(SolutionProperties) = preSolution
		HideSolutionNode = FALSE
	EndGlobalSection
	GlobalSection(ExtensibilityGlobals) = postSolution
		SolutionGuid = {24192EDE-22F8-4156-AABD-313CDCA58D31}
	EndGlobalSection
EndGlobal
